// !$*UTF8*$!
{
	archiveVersion = 1;
	classes = {
	};
	objectVersion = 56;
	objects = {

/* Begin PBXBuildFile section */
		98D76D9A29E9E33100BEBEDA /* InstaSwiftUIApp.swift in Sources */ = {isa = PBXBuildFile; fileRef = 98D76D9929E9E33100BEBEDA /* InstaSwiftUIApp.swift */; };
		98D76D9E29E9E33300BEBEDA /* Assets.xcassets in Resources */ = {isa = PBXBuildFile; fileRef = 98D76D9D29E9E33300BEBEDA /* Assets.xcassets */; };
		98D76DA129E9E33300BEBEDA /* Preview Assets.xcassets in Resources */ = {isa = PBXBuildFile; fileRef = 98D76DA029E9E33300BEBEDA /* Preview Assets.xcassets */; };
		98D76DAD29E9E3F600BEBEDA /* ProfileView.swift in Sources */ = {isa = PBXBuildFile; fileRef = 98D76DA729E9E3F500BEBEDA /* ProfileView.swift */; };
		98D76DAE29E9E3F600BEBEDA /* Coordinator.swift in Sources */ = {isa = PBXBuildFile; fileRef = 98D76DA829E9E3F500BEBEDA /* Coordinator.swift */; };
		98D76DAF29E9E3F600BEBEDA /* Constants.swift in Sources */ = {isa = PBXBuildFile; fileRef = 98D76DA929E9E3F500BEBEDA /* Constants.swift */; };
		98D76DB029E9E3F600BEBEDA /* RootCoordinator.swift in Sources */ = {isa = PBXBuildFile; fileRef = 98D76DAA29E9E3F600BEBEDA /* RootCoordinator.swift */; };
		98D76DB129E9E3F600BEBEDA /* LoginView.swift in Sources */ = {isa = PBXBuildFile; fileRef = 98D76DAB29E9E3F600BEBEDA /* LoginView.swift */; };
		98D76DB229E9E3F600BEBEDA /* HomeView.swift in Sources */ = {isa = PBXBuildFile; fileRef = 98D76DAC29E9E3F600BEBEDA /* HomeView.swift */; };
/* End PBXBuildFile section */

/* Begin PBXFileReference section */
		98D76D9629E9E33100BEBEDA /* InstaSwiftUI.app */ = {isa = PBXFileReference; explicitFileType = wrapper.application; includeInIndex = 0; path = InstaSwiftUI.app; sourceTree = BUILT_PRODUCTS_DIR; };
		98D76D9929E9E33100BEBEDA /* InstaSwiftUIApp.swift */ = {isa = PBXFileReference; lastKnownFileType = sourcecode.swift; path = InstaSwiftUIApp.swift; sourceTree = "<group>"; };
		98D76D9D29E9E33300BEBEDA /* Assets.xcassets */ = {isa = PBXFileReference; lastKnownFileType = folder.assetcatalog; path = Assets.xcassets; sourceTree = "<group>"; };
		98D76DA029E9E33300BEBEDA /* Preview Assets.xcassets */ = {isa = PBXFileReference; lastKnownFileType = folder.assetcatalog; path = "Preview Assets.xcassets"; sourceTree = "<group>"; };
		98D76DA729E9E3F500BEBEDA /* ProfileView.swift */ = {isa = PBXFileReference; fileEncoding = 4; lastKnownFileType = sourcecode.swift; path = ProfileView.swift; sourceTree = "<group>"; };
		98D76DA829E9E3F500BEBEDA /* Coordinator.swift */ = {isa = PBXFileReference; fileEncoding = 4; lastKnownFileType = sourcecode.swift; path = Coordinator.swift; sourceTree = "<group>"; };
		98D76DA929E9E3F500BEBEDA /* Constants.swift */ = {isa = PBXFileReference; fileEncoding = 4; lastKnownFileType = sourcecode.swift; path = Constants.swift; sourceTree = "<group>"; };
		98D76DAA29E9E3F600BEBEDA /* RootCoordinator.swift */ = {isa = PBXFileReference; fileEncoding = 4; lastKnownFileType = sourcecode.swift; path = RootCoordinator.swift; sourceTree = "<group>"; };
		98D76DAB29E9E3F600BEBEDA /* LoginView.swift */ = {isa = PBXFileReference; fileEncoding = 4; lastKnownFileType = sourcecode.swift; path = LoginView.swift; sourceTree = "<group>"; };
		98D76DAC29E9E3F600BEBEDA /* HomeView.swift */ = {isa = PBXFileReference; fileEncoding = 4; lastKnownFileType = sourcecode.swift; path = HomeView.swift; sourceTree = "<group>"; };
/* End PBXFileReference section */

/* Begin PBXFrameworksBuildPhase section */
		98D76D9329E9E33100BEBEDA /* Frameworks */ = {
			isa = PBXFrameworksBuildPhase;
			buildActionMask = 2147483647;
			files = (
			);
			runOnlyForDeploymentPostprocessing = 0;
		};
/* End PBXFrameworksBuildPhase section */

/* Begin PBXGroup section */
		98D76D8D29E9E33100BEBEDA = {
			isa = PBXGroup;
			children = (
				98D76D9829E9E33100BEBEDA /* InstaSwiftUI */,
				98D76D9729E9E33100BEBEDA /* Products */,
			);
			sourceTree = "<group>";
		};
		98D76D9729E9E33100BEBEDA /* Products */ = {
			isa = PBXGroup;
			children = (
				98D76D9629E9E33100BEBEDA /* InstaSwiftUI.app */,
			);
			name = Products;
			sourceTree = "<group>";
		};
		98D76D9829E9E33100BEBEDA /* InstaSwiftUI */ = {
			isa = PBXGroup;
			children = (
				98D76D9929E9E33100BEBEDA /* InstaSwiftUIApp.swift */,
				98D76DA929E9E3F500BEBEDA /* Constants.swift */,
				98D76DA829E9E3F500BEBEDA /* Coordinator.swift */,
				98D76DAC29E9E3F600BEBEDA /* HomeView.swift */,
				98D76DAB29E9E3F600BEBEDA /* LoginView.swift */,
				98D76DA729E9E3F500BEBEDA /* ProfileView.swift */,
				98D76DAA29E9E3F600BEBEDA /* RootCoordinator.swift */,
				98D76D9D29E9E33300BEBEDA /* Assets.xcassets */,
				98D76D9F29E9E33300BEBEDA /* Preview Content */,
			);
			path = InstaSwiftUI;
			sourceTree = "<group>";
		};
		98D76D9F29E9E33300BEBEDA /* Preview Content */ = {
			isa = PBXGroup;
			children = (
				98D76DA029E9E33300BEBEDA /* Preview Assets.xcassets */,
			);
			path = "Preview Content";
			sourceTree = "<group>";
		};
/* End PBXGroup section */

/* Begin PBXNativeTarget section */
		98D76D9529E9E33100BEBEDA /* InstaSwiftUI */ = {
			isa = PBXNativeTarget;
			buildConfigurationList = 98D76DA429E9E33300BEBEDA /* Build configuration list for PBXNativeTarget "InstaSwiftUI" */;
			buildPhases = (
				98D76D9229E9E33100BEBEDA /* Sources */,
				98D76D9329E9E33100BEBEDA /* Frameworks */,
				98D76D9429E9E33100BEBEDA /* Resources */,
			);
			buildRules = (
			);
			dependencies = (
			);
			name = InstaSwiftUI;
			productName = InstaSwiftUI;
			productReference = 98D76D9629E9E33100BEBEDA /* InstaSwiftUI.app */;
			productType = "com.apple.product-type.application";
		};
/* End PBXNativeTarget section */

/* Begin PBXProject section */
		98D76D8E29E9E33100BEBEDA /* Project object */ = {
			isa = PBXProject;
			attributes = {
				BuildIndependentTargetsInParallel = 1;
				LastSwiftUpdateCheck = 1420;
				LastUpgradeCheck = 1420;
				TargetAttributes = {
					98D76D9529E9E33100BEBEDA = {
						CreatedOnToolsVersion = 14.2;
					};
				};
			};
			buildConfigurationList = 98D76D9129E9E33100BEBEDA /* Build configuration list for PBXProject "InstaSwiftUI" */;
			compatibilityVersion = "Xcode 14.0";
			developmentRegion = en;
			hasScannedForEncodings = 0;
			knownRegions = (
				en,
				Base,
			);
			mainGroup = 98D76D8D29E9E33100BEBEDA;
			productRefGroup = 98D76D9729E9E33100BEBEDA /* Products */;
			projectDirPath = "";
			projectRoot = "";
			targets = (
				98D76D9529E9E33100BEBEDA /* InstaSwiftUI */,
			);
		};
/* End PBXProject section */

/* Begin PBXResourcesBuildPhase section */
		98D76D9429E9E33100BEBEDA /* Resources */ = {
			isa = PBXResourcesBuildPhase;
			buildActionMask = 2147483647;
			files = (
				98D76DA129E9E33300BEBEDA /* Preview Assets.xcassets in Resources */,
				98D76D9E29E9E33300BEBEDA /* Assets.xcassets in Resources */,
			);
			runOnlyForDeploymentPostprocessing = 0;
		};
/* End PBXResourcesBuildPhase section */

/* Begin PBXSourcesBuildPhase section */
		98D76D9229E9E33100BEBEDA /* Sources */ = {
			isa = PBXSourcesBuildPhase;
			buildActionMask = 2147483647;
			files = (
				98D76DAF29E9E3F600BEBEDA /* Constants.swift in Sources */,
				98D76DB129E9E3F600BEBEDA /* LoginView.swift in Sources */,
				98D76DAE29E9E3F600BEBEDA /* Coordinator.swift in Sources */,
				98D76DAD29E9E3F600BEBEDA /* ProfileView.swift in Sources */,
				98D76DB229E9E3F600BEBEDA /* HomeView.swift in Sources */,
				98D76DB029E9E3F600BEBEDA /* RootCoordinator.swift in Sources */,
				98D76D9A29E9E33100BEBEDA /* InstaSwiftUIApp.swift in Sources */,
			);
			runOnlyForDeploymentPostprocessing = 0;
		};
/* End PBXSourcesBuildPhase section */

/* Begin XCBuildConfiguration section */
		98D76DA229E9E33300BEBEDA /* Debug */ = {
			isa = XCBuildConfiguration;
			buildSettings = {
				ALWAYS_SEARCH_USER_PATHS = NO;
				CLANG_ANALYZER_NONNULL = YES;
				CLANG_ANALYZER_NUMBER_OBJECT_CONVERSION = YES_AGGRESSIVE;
				CLANG_CXX_LANGUAGE_STANDARD = "gnu++20";
				CLANG_ENABLE_MODULES = YES;
				CLANG_ENABLE_OBJC_ARC = YES;
				CLANG_ENABLE_OBJC_WEAK = YES;
				CLANG_WARN_BLOCK_CAPTURE_AUTORELEASING = YES;
				CLANG_WARN_BOOL_CONVERSION = YES;
				CLANG_WARN_COMMA = YES;
				CLANG_WARN_CONSTANT_CONVERSION = YES;
				CLANG_WARN_DEPRECATED_OBJC_IMPLEMENTATIONS = YES;
				CLANG_WARN_DIRECT_OBJC_ISA_USAGE = YES_ERROR;
				CLANG_WARN_DOCUMENTATION_COMMENTS = YES;
				CLANG_WARN_EMPTY_BODY = YES;
				CLANG_WARN_ENUM_CONVERSION = YES;
				CLANG_WARN_INFINITE_RECURSION = YES;
				CLANG_WARN_INT_CONVERSION = YES;
				CLANG_WARN_NON_LITERAL_NULL_CONVERSION = YES;
				CLANG_WARN_OBJC_IMPLICIT_RETAIN_SELF = YES;
				CLANG_WARN_OBJC_LITERAL_CONVERSION = YES;
				CLANG_WARN_OBJC_ROOT_CLASS = YES_ERROR;
				CLANG_WARN_QUOTED_INCLUDE_IN_FRAMEWORK_HEADER = YES;
				CLANG_WARN_RANGE_LOOP_ANALYSIS = YES;
				CLANG_WARN_STRICT_PROTOTYPES = YES;
				CLANG_WARN_SUSPICIOUS_MOVE = YES;
				CLANG_WARN_UNGUARDED_AVAILABILITY = YES_AGGRESSIVE;
				CLANG_WARN_UNREACHABLE_CODE = YES;
				CLANG_WARN__DUPLICATE_METHOD_MATCH = YES;
				COPY_PHASE_STRIP = NO;
				DEBUG_INFORMATION_FORMAT = dwarf;
				ENABLE_STRICT_OBJC_MSGSEND = YES;
				ENABLE_TESTABILITY = YES;
				GCC_C_LANGUAGE_STANDARD = gnu11;
				GCC_DYNAMIC_NO_PIC = NO;
				GCC_NO_COMMON_BLOCKS = YES;
				GCC_OPTIMIZATION_LEVEL = 0;
				GCC_PREPROCESSOR_DEFINITIONS = (
					"DEBUG=1",
					"$(inherited)",
				);
				GCC_WARN_64_TO_32_BIT_CONVERSION = YES;
				GCC_WARN_ABOUT_RETURN_TYPE = YES_ERROR;
				GCC_WARN_UNDECLARED_SELECTOR = YES;
				GCC_WARN_UNINITIALIZED_AUTOS = YES_AGGRESSIVE;
				GCC_WARN_UNUSED_FUNCTION = YES;
				GCC_WARN_UNUSED_VARIABLE = YES;
				IPHONEOS_DEPLOYMENT_TARGET = 16.2;
				MTL_ENABLE_DEBUG_INFO = INCLUDE_SOURCE;
				MTL_FAST_MATH = YES;
				ONLY_ACTIVE_ARCH = YES;
				SDKROOT = iphoneos;
				SWIFT_ACTIVE_COMPILATION_CONDITIONS = DEBUG;
				SWIFT_OPTIMIZATION_LEVEL = "-Onone";
			};
			name = Debug;
		};
		98D76DA329E9E33300BEBEDA /* Release */ = {
			isa = XCBuildConfiguration;
			buildSettings = {
				ALWAYS_SEARCH_USER_PATHS = NO;
				CLANG_ANALYZER_NONNULL = YES;
				CLANG_ANALYZER_NUMBER_OBJECT_CONVERSION = YES_AGGRESSIVE;
				CLANG_CXX_LANGUAGE_STANDARD = "gnu++20";
				CLANG_ENABLE_MODULES = YES;
				CLANG_ENABLE_OBJC_ARC = YES;
				CLANG_ENABLE_OBJC_WEAK = YES;
				CLANG_WARN_BLOCK_CAPTURE_AUTORELEASING = YES;
				CLANG_WARN_BOOL_CONVERSION = YES;
				CLANG_WARN_COMMA = YES;
				CLANG_WARN_CONSTANT_CONVERSION = YES;
				CLANG_WARN_DEPRECATED_OBJC_IMPLEMENTATIONS = YES;
				CLANG_WARN_DIRECT_OBJC_ISA_USAGE = YES_ERROR;
				CLANG_WARN_DOCUMENTATION_COMMENTS = YES;
				CLANG_WARN_EMPTY_BODY = YES;
				CLANG_WARN_ENUM_CONVERSION = YES;
				CLANG_WARN_INFINITE_RECURSION = YES;
				CLANG_WARN_INT_CONVERSION = YES;
				CLANG_WARN_NON_LITERAL_NULL_CONVERSION = YES;
				CLANG_WARN_OBJC_IMPLICIT_RETAIN_SELF = YES;
				CLANG_WARN_OBJC_LITERAL_CONVERSION = YES;
				CLANG_WARN_OBJC_ROOT_CLASS = YES_ERROR;
				CLANG_WARN_QUOTED_INCLUDE_IN_FRAMEWORK_HEADER = YES;
				CLANG_WARN_RANGE_LOOP_ANALYSIS = YES;
				CLANG_WARN_STRICT_PROTOTYPES = YES;
				CLANG_WARN_SUSPICIOUS_MOVE = YES;
				CLANG_WARN_UNGUARDED_AVAILABILITY = YES_AGGRESSIVE;
				CLANG_WARN_UNREACHABLE_CODE = YES;
				CLANG_WARN__DUPLICATE_METHOD_MATCH = YES;
				COPY_PHASE_STRIP = NO;
				DEBUG_INFORMATION_FORMAT = "dwarf-with-dsym";
				ENABLE_NS_ASSERTIONS = NO;
				ENABLE_STRICT_OBJC_MSGSEND = YES;
				GCC_C_LANGUAGE_STANDARD = gnu11;
				GCC_NO_COMMON_BLOCKS = YES;
				GCC_WARN_64_TO_32_BIT_CONVERSION = YES;
				GCC_WARN_ABOUT_RETURN_TYPE = YES_ERROR;
				GCC_WARN_UNDECLARED_SELECTOR = YES;
				GCC_WARN_UNINITIALIZED_AUTOS = YES_AGGRESSIVE;
				GCC_WARN_UNUSED_FUNCTION = YES;
				GCC_WARN_UNUSED_VARIABLE = YES;
				IPHONEOS_DEPLOYMENT_TARGET = 16.2;
				MTL_ENABLE_DEBUG_INFO = NO;
				MTL_FAST_MATH = YES;
				SDKROOT = iphoneos;
				SWIFT_COMPILATION_MODE = wholemodule;
				SWIFT_OPTIMIZATION_LEVEL = "-O";
				VALIDATE_PRODUCT = YES;
			};
			name = Release;
		};
		98D76DA529E9E33300BEBEDA /* Debug */ = {
			isa = XCBuildConfiguration;
			buildSettings = {
				ASSETCATALOG_COMPILER_APPICON_NAME = AppIcon;
				ASSETCATALOG_COMPILER_GLOBAL_ACCENT_COLOR_NAME = AccentColor;
				CODE_SIGN_STYLE = Automatic;
				CURRENT_PROJECT_VERSION = 1;
				DEVELOPMENT_ASSET_PATHS = "\"InstaSwiftUI/Preview Content\"";
				ENABLE_PREVIEWS = YES;
				GENERATE_INFOPLIST_FILE = YES;
				INFOPLIST_KEY_UIApplicationSceneManifest_Generation = YES;
				INFOPLIST_KEY_UIApplicationSupportsIndirectInputEvents = YES;
				INFOPLIST_KEY_UILaunchScreen_Generation = YES;
				INFOPLIST_KEY_UISupportedInterfaceOrientations_iPad = "UIInterfaceOrientationPortrait UIInterfaceOrientationPortraitUpsideDown UIInterfaceOrientationLandscapeLeft UIInterfaceOrientationLandscapeRight";
				INFOPLIST_KEY_UISupportedInterfaceOrientations_iPhone = "UIInterfaceOrientationPortrait UIInterfaceOrientationLandscapeLeft UIInterfaceOrientationLandscapeRight";
				LD_RUNPATH_SEARCH_PATHS = (
					"$(inherited)",
					"@executable_path/Frameworks",
				);
				MARKETING_VERSION = 1.0;
				PRODUCT_BUNDLE_IDENTIFIER = temp.app.InstaSwiftUI;
				PRODUCT_NAME = "$(TARGET_NAME)";
				SWIFT_EMIT_LOC_STRINGS = YES;
				SWIFT_VERSION = 5.0;
				TARGETED_DEVICE_FAMILY = "1,2";
			};
			name = Debug;
		};
		98D76DA629E9E33300BEBEDA /* Release */ = {
			isa = XCBuildConfiguration;
			buildSettings = {
				ASSETCATALOG_COMPILER_APPICON_NAME = AppIcon;
				ASSETCATALOG_COMPILER_GLOBAL_ACCENT_COLOR_NAME = AccentColor;
				CODE_SIGN_STYLE = Automatic;
				CURRENT_PROJECT_VERSION = 1;
				DEVELOPMENT_ASSET_PATHS = "\"InstaSwiftUI/Preview Content\"";
				ENABLE_PREVIEWS = YES;
				GENERATE_INFOPLIST_FILE = YES;
				INFOPLIST_KEY_UIApplicationSceneManifest_Generation = YES;
				INFOPLIST_KEY_UIApplicationSupportsIndirectInputEvents = YES;
				INFOPLIST_KEY_UILaunchScreen_Generation = YES;
				INFOPLIST_KEY_UISupportedInterfaceOrientations_iPad = "UIInterfaceOrientationPortrait UIInterfaceOrientationPortraitUpsideDown UIInterfaceOrientationLandscapeLeft UIInterfaceOrientationLandscapeRight";
				INFOPLIST_KEY_UISupportedInterfaceOrientations_iPhone = "UIInterfaceOrientationPortrait UIInterfaceOrientationLandscapeLeft UIInterfaceOrientationLandscapeRight";
				LD_RUNPATH_SEARCH_PATHS = (
					"$(inherited)",
					"@executable_path/Frameworks",
				);
				MARKETING_VERSION = 1.0;
				PRODUCT_BUNDLE_IDENTIFIER = temp.app.InstaSwiftUI;
				PRODUCT_NAME = "$(TARGET_NAME)";
				SWIFT_EMIT_LOC_STRINGS = YES;
				SWIFT_VERSION = 5.0;
				TARGETED_DEVICE_FAMILY = "1,2";
			};
			name = Release;
		};
/* End XCBuildConfiguration section */

/* Begin XCConfigurationList section */
		98D76D9129E9E33100BEBEDA /* Build configuration list for PBXProject "InstaSwiftUI" */ = {
			isa = XCConfigurationList;
			buildConfigurations = (
				98D76DA229E9E33300BEBEDA /* Debug */,
				98D76DA329E9E33300BEBEDA /* Release */,
			);
			defaultConfigurationIsVisible = 0;
			defaultConfigurationName = Release;
		};
		98D76DA429E9E33300BEBEDA /* Build configuration list for PBXNativeTarget "InstaSwiftUI" */ = {
			isa = XCConfigurationList;
			buildConfigurations = (
				98D76DA529E9E33300BEBEDA /* Debug */,
				98D76DA629E9E33300BEBEDA /* Release */,
			);
			defaultConfigurationIsVisible = 0;
			defaultConfigurationName = Release;
		};
/* End XCConfigurationList section */
	};
	rootObject = 98D76D8E29E9E33100BEBEDA /* Project object */;
}
